{
  "name": "tenshin-han-viz",
  "version": "1.0.0",
  "lockfileVersion": 2,
  "requires": true,
  "packages": {
    "": {
      "version": "1.0.0",
      "license": "ISC",
      "dependencies": {
        "graphology": "^0.24.1",
        "graphology-gexf": "^0.10.1",
        "graphology-layout-noverlap": "^0.4.2"
      }
    },
    "node_modules/@xmldom/xmldom": {
      "version": "0.7.5",
      "resolved": "https://registry.npmjs.org/@xmldom/xmldom/-/xmldom-0.7.5.tgz",
      "integrity": "sha512-V3BIhmY36fXZ1OtVcI9W+FxQqxVLsPKcNjWigIaa81dLC9IolJl5Mt4Cvhmr0flUnjSpTdrbMTSbXqYqV5dT6A==",
      "engines": {
        "node": ">=10.0.0"
      }
    },
    "node_modules/events": {
      "version": "3.3.0",
      "resolved": "https://registry.npmjs.org/events/-/events-3.3.0.tgz",
      "integrity": "sha512-mQw+2fkQbALzQ7V0MY0IqdnXNOeTtP4r0lN9z7AAawCXgqea7bDii20AYrIBrFd/Hx0M2Ocz6S111CaFkUcb0Q==",
      "engines": {
        "node": ">=0.8.x"
      }
    },
    "node_modules/graphology": {
      "version": "0.24.1",
      "resolved": "https://registry.npmjs.org/graphology/-/graphology-0.24.1.tgz",
      "integrity": "sha512-6lNz1PNTAe9Q6ioHKrXu0Lp047sgvOoHa4qmP/8mnJWCGv2iIZPQkuHPUb2/OWDWCqHpw2hKgJLJ55X/66xmHg==",
      "dependencies": {
        "events": "^3.3.0",
        "obliterator": "^2.0.2"
      },
      "peerDependencies": {
        "graphology-types": ">=0.24.0"
      }
    },
    "node_modules/graphology-gexf": {
      "version": "0.10.1",
      "resolved": "https://registry.npmjs.org/graphology-gexf/-/graphology-gexf-0.10.1.tgz",
      "integrity": "sha512-vNBn5eVOWRSiedwAFVBehuA0KxzOzorBMvRW2md01UZcaVVh0BRzB6uFEB6+QHmdRqtpewhCQ6RQUifQ8r7btg==",
      "dependencies": {
        "@xmldom/xmldom": "^0.7.5",
        "graphology-operators": "^1.5.0",
        "graphology-utils": "^2.4.1",
        "xml-writer": "^1.7.0"
      },
      "peerDependencies": {
        "graphology-types": ">=0.20.0"
      }
    },
    "node_modules/graphology-layout-noverlap": {
      "version": "0.4.2",
      "resolved": "https://registry.npmjs.org/graphology-layout-noverlap/-/graphology-layout-noverlap-0.4.2.tgz",
      "integrity": "sha512-13WwZSx96zim6l1dfZONcqLh3oqyRcjIBsqz2c2iJ3ohgs3605IDWjldH41Gnhh462xGB1j6VGmuGhZ2FKISXA==",
      "dependencies": {
        "graphology-utils": "^2.3.0"
      },
      "peerDependencies": {
        "graphology-types": ">=0.19.0"
      }
    },
    "node_modules/graphology-operators": {
      "version": "1.5.1",
      "resolved": "https://registry.npmjs.org/graphology-operators/-/graphology-operators-1.5.1.tgz",
      "integrity": "sha512-VojhTwtKlGtbopHPzOmAsAgM8MJY1HScgAs3G8FobtI+xsSlnFSKQeuWIibXEg6/wwPHGYT2oxMJbgHcwAEr3Q==",
      "dependencies": {
        "graphology-utils": "^2.0.0"
      },
      "peerDependencies": {
        "graphology-types": ">=0.20.0"
      }
    },
    "node_modules/graphology-types": {
      "version": "0.24.3",
      "resolved": "https://registry.npmjs.org/graphology-types/-/graphology-types-0.24.3.tgz",
      "integrity": "sha512-yn+NgOd/V8dWtHlxRlh0aEx3jp5IXSl8gsQPc3lYmJEZGg9C3oXlZIurHnn7FO3Xav55ehdD7OU7oznfgE2Wyg==",
      "peer": true
    },
    "node_modules/graphology-utils": {
      "version": "2.5.1",
      "resolved": "https://registry.npmjs.org/graphology-utils/-/graphology-utils-2.5.1.tgz",
      "integrity": "sha512-N6zjqvBHgJvulYnwdDgdJoeuhKXZBNm1zedC2asdN+rexfbJylhey/PVT8Bwr8B1aVxKuK+zQqMbQ50kKikjew==",
      "peerDependencies": {
        "graphology-types": ">=0.23.0"
      }
    },
    "node_modules/obliterator": {
      "version": "2.0.2",
      "resolved": "https://registry.npmjs.org/obliterator/-/obliterator-2.0.2.tgz",
      "integrity": "sha512-g0TrA7SbUggROhDPK8cEu/qpItwH2LSKcNl4tlfBNT54XY+nOsqrs0Q68h1V9b3HOSpIWv15jb1lax2hAggdIg=="
    },
    "node_modules/xml-writer": {
      "version": "1.7.0",
      "resolved": "https://registry.npmjs.org/xml-writer/-/xml-writer-1.7.0.tgz",
      "integrity": "sha1-t28dWRwWomNOvbcDx729D9aBkGU=",
      "engines": {
        "node": ">=0.4.0"
      }
    }
  },
  "dependencies": {
    "@xmldom/xmldom": {
      "version": "0.7.5",
      "resolved": "https://registry.npmjs.org/@xmldom/xmldom/-/xmldom-0.7.5.tgz",
      "integrity": "sha512-V3BIhmY36fXZ1OtVcI9W+FxQqxVLsPKcNjWigIaa81dLC9IolJl5Mt4Cvhmr0flUnjSpTdrbMTSbXqYqV5dT6A=="
    },
    "events": {
      "version": "3.3.0",
      "resolved": "https://registry.npmjs.org/events/-/events-3.3.0.tgz",
      "integrity": "sha512-mQw+2fkQbALzQ7V0MY0IqdnXNOeTtP4r0lN9z7AAawCXgqea7bDii20AYrIBrFd/Hx0M2Ocz6S111CaFkUcb0Q=="
    },
    "graphology": {
      "version": "0.24.1",
      "resolved": "https://registry.npmjs.org/graphology/-/graphology-0.24.1.tgz",
      "integrity": "sha512-6lNz1PNTAe9Q6ioHKrXu0Lp047sgvOoHa4qmP/8mnJWCGv2iIZPQkuHPUb2/OWDWCqHpw2hKgJLJ55X/66xmHg==",
      "requires": {
        "events": "^3.3.0",
        "obliterator": "^2.0.2"
      }
    },
    "graphology-gexf": {
      "version": "0.10.1",
      "resolved": "https://registry.npmjs.org/graphology-gexf/-/graphology-gexf-0.10.1.tgz",
      "integrity": "sha512-vNBn5eVOWRSiedwAFVBehuA0KxzOzorBMvRW2md01UZcaVVh0BRzB6uFEB6+QHmdRqtpewhCQ6RQUifQ8r7btg==",
      "requires": {
        "@xmldom/xmldom": "^0.7.5",
        "graphology-operators": "^1.5.0",
        "graphology-utils": "^2.4.1",
        "xml-writer": "^1.7.0"
      }
    },
    "graphology-layout-noverlap": {
      "version": "0.4.2",
      "resolved": "https://registry.npmjs.org/graphology-layout-noverlap/-/graphology-layout-noverlap-0.4.2.tgz",
      "integrity": "sha512-13WwZSx96zim6l1dfZONcqLh3oqyRcjIBsqz2c2iJ3ohgs3605IDWjldH41Gnhh462xGB1j6VGmuGhZ2FKISXA==",
      "requires": {
        "graphology-utils": "^2.3.0"
      }
    },
    "graphology-operators": {
      "version": "1.5.1",
      "resolved": "https://registry.npmjs.org/graphology-operators/-/graphology-operators-1.5.1.tgz",
      "integrity": "sha512-VojhTwtKlGtbopHPzOmAsAgM8MJY1HScgAs3G8FobtI+xsSlnFSKQeuWIibXEg6/wwPHGYT2oxMJbgHcwAEr3Q==",
      "requires": {
        "graphology-utils": "^2.0.0"
      }
    },
    "graphology-types": {
      "version": "0.24.3",
      "resolved": "https://registry.npmjs.org/graphology-types/-/graphology-types-0.24.3.tgz",
      "integrity": "sha512-yn+NgOd/V8dWtHlxRlh0aEx3jp5IXSl8gsQPc3lYmJEZGg9C3oXlZIurHnn7FO3Xav55ehdD7OU7oznfgE2Wyg==",
      "peer": true
    },
    "graphology-utils": {
      "version": "2.5.1",
      "resolved": "https://registry.npmjs.org/graphology-utils/-/graphology-utils-2.5.1.tgz",
      "integrity": "sha512-N6zjqvBHgJvulYnwdDgdJoeuhKXZBNm1zedC2asdN+rexfbJylhey/PVT8Bwr8B1aVxKuK+zQqMbQ50kKikjew==",
      "requires": {}
    },
    "obliterator": {
      "version": "2.0.2",
      "resolved": "https://registry.npmjs.org/obliterator/-/obliterator-2.0.2.tgz",
      "integrity": "sha512-g0TrA7SbUggROhDPK8cEu/qpItwH2LSKcNl4tlfBNT54XY+nOsqrs0Q68h1V9b3HOSpIWv15jb1lax2hAggdIg=="
    },
    "xml-writer": {
      "version": "1.7.0",
      "resolved": "https://registry.npmjs.org/xml-writer/-/xml-writer-1.7.0.tgz",
      "integrity": "sha1-t28dWRwWomNOvbcDx729D9aBkGU="
    }
  }
}
